
Microsoft Visual Studio Solution File, Format Version 12.00
# Visual Studio 14
VisualStudioVersion = 14.0.24720.0
MinimumVisualStudioVersion = 10.0.40219.1
Project("{FAE04EC0-301F-11D3-BF4B-00C04F79EFBC}") = "Scrum Project Random Words", "Scrum Project Random Words\Scrum Project Random Words.csproj", "{97CCF8D0-98E7-4252-845E-CFF1D56B758D}"
EndProject
Global
	GlobalSection(SolutionConfigurationPlatforms) = preSolution
		Debug|Any CPU = Debug|Any CPU
		Release|Any CPU = Release|Any CPU
	EndGlobalSection
	GlobalSection(ProjectConfigurationPlatforms) = postSolution
		{97CCF8D0-98E7-4252-845E-CFF1D56B758D}.Debug|Any CPU.ActiveCfg = Debug|Any CPU
		{97CCF8D0-98E7-4252-845E-CFF1D56B758D}.Debug|Any CPU.Build.0 = Debug|Any CPU
		{97CCF8D0-98E7-4252-845E-CFF1D56B758D}.Release|Any CPU.ActiveCfg = Release|Any CPU
		{97CCF8D0-98E7-4252-845E-CFF1D56B758D}.Release|Any CPU.Build.0 = Release|Any CPU
	EndGlobalSection
	GlobalSection(SolutionProperties) = preSolution
		HideSolutionNode = FALSE
	EndGlobalSection
EndGlobal
